
Microsoft Visual Studio Solution File, Format Version 12.00
# Visual Studio Version 17
VisualStudioVersion = 17.13.35818.85 d17.13
MinimumVisualStudioVersion = 10.0.40219.1
Project("{FAE04EC0-301F-11D3-BF4B-00C04F79EFBC}") = "modul8_103022300046", "modul8_103022300046.csproj", "{611CFD6D-F6BA-4657-9DD9-D63181F8701C}"
EndProject
Global
	GlobalSection(SolutionConfigurationPlatforms) = preSolution
		Debug|Any CPU = Debug|Any CPU
		Release|Any CPU = Release|Any CPU
	EndGlobalSection
	GlobalSection(ProjectConfigurationPlatforms) = postSolution
		{611CFD6D-F6BA-4657-9DD9-D63181F8701C}.Debug|Any CPU.ActiveCfg = Debug|Any CPU
		{611CFD6D-F6BA-4657-9DD9-D63181F8701C}.Debug|Any CPU.Build.0 = Debug|Any CPU
		{611CFD6D-F6BA-4657-9DD9-D63181F8701C}.Release|Any CPU.ActiveCfg = Release|Any CPU
		{611CFD6D-F6BA-4657-9DD9-D63181F8701C}.Release|Any CPU.Build.0 = Release|Any CPU
	EndGlobalSection
	GlobalSection(SolutionProperties) = preSolution
		HideSolutionNode = FALSE
	EndGlobalSection
	GlobalSection(ExtensibilityGlobals) = postSolution
		SolutionGuid = {6289C232-3CD6-4530-A3E8-9A1FF6B9CF12}
	EndGlobalSection
EndGlobal
